dependencies:
- name: postgresql
  repository: https://charts.bitnami.com/bitnami
  version: 8.x.x
- name: redis
  repository: https://charts.bitnami.com/bitnami
  version: 10.x.x
digest: sha256:7440c5024dd500f0cefe63540c282e2f007921f1b41c5a01ed545649404d8337
generated: "2020-08-20T17:01:07.189757537+03:00"
